
Microsoft Visual Studio Solution File, Format Version 12.00
# Visual Studio 14
VisualStudioVersion = 14.0.24720.0
MinimumVisualStudioVersion = 10.0.40219.1
Project("{FAE04EC0-301F-11D3-BF4B-00C04F79EFBC}") = "BDSystemSupport", "BDSystemSupport\BDSystemSupport.csproj", "{A13ABD4B-7D69-4B17-9CF2-EDD183050601}"
EndProject
Project("{FAE04EC0-301F-11D3-BF4B-00C04F79EFBC}") = "ConsoleTest", "ConsoleTest\ConsoleTest.csproj", "{E523805A-0738-4812-BEB2-D6041CFA81A3}"
EndProject
Project("{FAE04EC0-301F-11D3-BF4B-00C04F79EFBC}") = "Domain", "..\..\..\Documents\Visual Studio 2015\Projects\Domain\Domain.csproj", "{1CDBE3D0-C81D-48EE-A71F-5715DBBD075A}"
EndProject
Project("{FAE04EC0-301F-11D3-BF4B-00C04F79EFBC}") = "WebUI", "..\..\..\Documents\Visual Studio 2015\Projects\WebUI\WebUI.csproj", "{AECC1582-4800-440E-9AAF-E98E7B1CA1B1}"
EndProject
Global
	GlobalSection(SolutionConfigurationPlatforms) = preSolution
		Debug|Any CPU = Debug|Any CPU
		Release|Any CPU = Release|Any CPU
	EndGlobalSection
	GlobalSection(ProjectConfigurationPlatforms) = postSolution
		{A13ABD4B-7D69-4B17-9CF2-EDD183050601}.Debug|Any CPU.ActiveCfg = Debug|Any CPU
		{A13ABD4B-7D69-4B17-9CF2-EDD183050601}.Debug|Any CPU.Build.0 = Debug|Any CPU
		{A13ABD4B-7D69-4B17-9CF2-EDD183050601}.Release|Any CPU.ActiveCfg = Release|Any CPU
		{A13ABD4B-7D69-4B17-9CF2-EDD183050601}.Release|Any CPU.Build.0 = Release|Any CPU
		{E523805A-0738-4812-BEB2-D6041CFA81A3}.Debug|Any CPU.ActiveCfg = Debug|Any CPU
		{E523805A-0738-4812-BEB2-D6041CFA81A3}.Debug|Any CPU.Build.0 = Debug|Any CPU
		{E523805A-0738-4812-BEB2-D6041CFA81A3}.Release|Any CPU.ActiveCfg = Release|Any CPU
		{E523805A-0738-4812-BEB2-D6041CFA81A3}.Release|Any CPU.Build.0 = Release|Any CPU
		{1CDBE3D0-C81D-48EE-A71F-5715DBBD075A}.Debug|Any CPU.ActiveCfg = Debug|Any CPU
		{1CDBE3D0-C81D-48EE-A71F-5715DBBD075A}.Debug|Any CPU.Build.0 = Debug|Any CPU
		{1CDBE3D0-C81D-48EE-A71F-5715DBBD075A}.Release|Any CPU.ActiveCfg = Release|Any CPU
		{1CDBE3D0-C81D-48EE-A71F-5715DBBD075A}.Release|Any CPU.Build.0 = Release|Any CPU
		{AECC1582-4800-440E-9AAF-E98E7B1CA1B1}.Debug|Any CPU.ActiveCfg = Debug|Any CPU
		{AECC1582-4800-440E-9AAF-E98E7B1CA1B1}.Debug|Any CPU.Build.0 = Debug|Any CPU
		{AECC1582-4800-440E-9AAF-E98E7B1CA1B1}.Release|Any CPU.ActiveCfg = Release|Any CPU
		{AECC1582-4800-440E-9AAF-E98E7B1CA1B1}.Release|Any CPU.Build.0 = Release|Any CPU
	EndGlobalSection
	GlobalSection(SolutionProperties) = preSolution
		HideSolutionNode = FALSE
	EndGlobalSection
EndGlobal
